
Microsoft Visual Studio Solution File, Format Version 12.00
# Visual Studio Version 17
VisualStudioVersion = 17.8.34330.188
MinimumVisualStudioVersion = 10.0.40219.1
Project("{FAE04EC0-301F-11D3-BF4B-00C04F79EFBC}") = "LayoutViews", "LayoutViews\LayoutViews.csproj", "{7878E82B-69BF-41E0-9352-447AA66DF103}"
EndProject
Global
	GlobalSection(SolutionConfigurationPlatforms) = preSolution
		Debug|Any CPU = Debug|Any CPU
		Release|Any CPU = Release|Any CPU
	EndGlobalSection
	GlobalSection(ProjectConfigurationPlatforms) = postSolution
		{7878E82B-69BF-41E0-9352-447AA66DF103}.Debug|Any CPU.ActiveCfg = Debug|Any CPU
		{7878E82B-69BF-41E0-9352-447AA66DF103}.Debug|Any CPU.Build.0 = Debug|Any CPU
		{7878E82B-69BF-41E0-9352-447AA66DF103}.Release|Any CPU.ActiveCfg = Release|Any CPU
		{7878E82B-69BF-41E0-9352-447AA66DF103}.Release|Any CPU.Build.0 = Release|Any CPU
	EndGlobalSection
	GlobalSection(SolutionProperties) = preSolution
		HideSolutionNode = FALSE
	EndGlobalSection
	GlobalSection(ExtensibilityGlobals) = postSolution
		SolutionGuid = {ED9AF070-4A44-43A8-A33C-2013DA5CFD7D}
	EndGlobalSection
EndGlobal
